
Microsoft Visual Studio Solution File, Format Version 12.00
# Visual Studio Version 17
VisualStudioVersion = 17.9.34728.123
MinimumVisualStudioVersion = 10.0.40219.1
Project("{FAE04EC0-301F-11D3-BF4B-00C04F79EFBC}") = "BookStoreApp.API", "BookStoreApp.API\BookStoreApp.API.csproj", "{0B08EA02-6DF9-4CA5-B1CF-8FFAAA7851FB}"
EndProject
Global
	GlobalSection(SolutionConfigurationPlatforms) = preSolution
		Debug|Any CPU = Debug|Any CPU
		Release|Any CPU = Release|Any CPU
	EndGlobalSection
	GlobalSection(ProjectConfigurationPlatforms) = postSolution
		{0B08EA02-6DF9-4CA5-B1CF-8FFAAA7851FB}.Debug|Any CPU.ActiveCfg = Debug|Any CPU
		{0B08EA02-6DF9-4CA5-B1CF-8FFAAA7851FB}.Debug|Any CPU.Build.0 = Debug|Any CPU
		{0B08EA02-6DF9-4CA5-B1CF-8FFAAA7851FB}.Release|Any CPU.ActiveCfg = Release|Any CPU
		{0B08EA02-6DF9-4CA5-B1CF-8FFAAA7851FB}.Release|Any CPU.Build.0 = Release|Any CPU
	EndGlobalSection
	GlobalSection(SolutionProperties) = preSolution
		HideSolutionNode = FALSE
	EndGlobalSection
	GlobalSection(ExtensibilityGlobals) = postSolution
		SolutionGuid = {13E5CD7F-AB66-4B84-86F5-155E89A88A44}
	EndGlobalSection
EndGlobal
